
Microsoft Visual Studio Solution File, Format Version 12.00
# Visual Studio Version 17
VisualStudioVersion = 17.11.35303.130
MinimumVisualStudioVersion = 10.0.40219.1
Project("{8BC9CEB8-8B4A-11D0-8D11-00A0C91BC942}") = "Project_6.3_rec", "Project_6.3_rec\Project_6.3_rec.vcxproj", "{51C72182-BF1B-4E68-93A7-025BF26DB34A}"
EndProject
Project("{8BC9CEB8-8B4A-11D0-8D11-00A0C91BC942}") = "UnitTest1", "UnitTest1\UnitTest1.vcxproj", "{394323A1-D4D1-4FC6-808E-20914F24A90A}"
EndProject
Global
	GlobalSection(SolutionConfigurationPlatforms) = preSolution
		Debug|x64 = Debug|x64
		Debug|x86 = Debug|x86
		Release|x64 = Release|x64
		Release|x86 = Release|x86
	EndGlobalSection
	GlobalSection(ProjectConfigurationPlatforms) = postSolution
		{51C72182-BF1B-4E68-93A7-025BF26DB34A}.Debug|x64.ActiveCfg = Debug|x64
		{51C72182-BF1B-4E68-93A7-025BF26DB34A}.Debug|x64.Build.0 = Debug|x64
		{51C72182-BF1B-4E68-93A7-025BF26DB34A}.Debug|x86.ActiveCfg = Debug|Win32
		{51C72182-BF1B-4E68-93A7-025BF26DB34A}.Debug|x86.Build.0 = Debug|Win32
		{51C72182-BF1B-4E68-93A7-025BF26DB34A}.Release|x64.ActiveCfg = Release|x64
		{51C72182-BF1B-4E68-93A7-025BF26DB34A}.Release|x64.Build.0 = Release|x64
		{51C72182-BF1B-4E68-93A7-025BF26DB34A}.Release|x86.ActiveCfg = Release|Win32
		{51C72182-BF1B-4E68-93A7-025BF26DB34A}.Release|x86.Build.0 = Release|Win32
		{394323A1-D4D1-4FC6-808E-20914F24A90A}.Debug|x64.ActiveCfg = Debug|x64
		{394323A1-D4D1-4FC6-808E-20914F24A90A}.Debug|x64.Build.0 = Debug|x64
		{394323A1-D4D1-4FC6-808E-20914F24A90A}.Debug|x86.ActiveCfg = Debug|Win32
		{394323A1-D4D1-4FC6-808E-20914F24A90A}.Debug|x86.Build.0 = Debug|Win32
		{394323A1-D4D1-4FC6-808E-20914F24A90A}.Release|x64.ActiveCfg = Release|x64
		{394323A1-D4D1-4FC6-808E-20914F24A90A}.Release|x64.Build.0 = Release|x64
		{394323A1-D4D1-4FC6-808E-20914F24A90A}.Release|x86.ActiveCfg = Release|Win32
		{394323A1-D4D1-4FC6-808E-20914F24A90A}.Release|x86.Build.0 = Release|Win32
	EndGlobalSection
	GlobalSection(SolutionProperties) = preSolution
		HideSolutionNode = FALSE
	EndGlobalSection
	GlobalSection(ExtensibilityGlobals) = postSolution
		SolutionGuid = {15216719-85FE-4FA1-90D2-F042273B5B3D}
	EndGlobalSection
EndGlobal
